
Microsoft Visual Studio Solution File, Format Version 12.00
# Visual Studio Version 17
VisualStudioVersion = 17.4.33213.308
MinimumVisualStudioVersion = 10.0.40219.1
Project("{9A19103F-16F7-4668-BE54-9A1E7A4F7556}") = "ThreadBoutique", "Sample\ThreadBoutique.csproj", "{49D28731-5869-4F85-9936-B89F17ABF5D7}"
EndProject
Global
	GlobalSection(SolutionConfigurationPlatforms) = preSolution
		Debug|Any CPU = Debug|Any CPU
		Release|Any CPU = Release|Any CPU
	EndGlobalSection
	GlobalSection(ProjectConfigurationPlatforms) = postSolution
		{49D28731-5869-4F85-9936-B89F17ABF5D7}.Debug|Any CPU.ActiveCfg = Debug|Any CPU
		{49D28731-5869-4F85-9936-B89F17ABF5D7}.Debug|Any CPU.Build.0 = Debug|Any CPU
		{49D28731-5869-4F85-9936-B89F17ABF5D7}.Release|Any CPU.ActiveCfg = Release|Any CPU
		{49D28731-5869-4F85-9936-B89F17ABF5D7}.Release|Any CPU.Build.0 = Release|Any CPU
	EndGlobalSection
	GlobalSection(SolutionProperties) = preSolution
		HideSolutionNode = FALSE
	EndGlobalSection
	GlobalSection(ExtensibilityGlobals) = postSolution
		SolutionGuid = {452A3844-0957-4F0B-95A8-2B63C2F9AF46}
	EndGlobalSection
EndGlobal
